{
  "lockfileVersion": 1,
  "workspaces": {
    "": {
      "dependencies": {
        "pyright": "^1.1.394",
      },
    },
  },
  "packages": {
    "fsevents": ["fsevents@2.3.3", "", { "os": "darwin" }, "sha512-5xoDfX+fL7faATnagmWPpbFtwh/R77WmMMqqHGS65C3vvB0YHrgF+B1YmZ3441tMj5n63k0212XNoJwzlhffQw=="],

    "pyright": ["pyright@1.1.394", "", { "optionalDependencies": { "fsevents": "~2.3.3" }, "bin": { "pyright": "index.js", "pyright-langserver": "langserver.index.js" } }, "sha512-6xUUlOLW1As5cbltkEFkskGfM35YeNH+mpnCyaHxiYlu3GLIq43RTgmctm6Qacxer2q7TUliaE0yIqAmecl6Tw=="],
  }
}
